
Microsoft Visual Studio Solution File, Format Version 12.00
# Visual Studio 15
VisualStudioVersion = 15.0.26124.0
MinimumVisualStudioVersion = 15.0.26124.0
Project("{FAE04EC0-301F-11D3-BF4B-00C04F79EFBC}") = "TwitchHandler", "TwitchHandler\TwitchHandler.csproj", "{D96CE780-EB49-497C-B13A-B9DDBBF3B15C}"
EndProject
Project("{FAE04EC0-301F-11D3-BF4B-00C04F79EFBC}") = "DiscordHandler", "DiscordHandler\DiscordHandler.csproj", "{14EB1008-78EA-4876-8E2B-1C184218E023}"
EndProject
Project("{FAE04EC0-301F-11D3-BF4B-00C04F79EFBC}") = "Shared", "Shared\Shared.csproj", "{08B30C16-8D61-425D-B93C-95967C27890E}"
EndProject
Project("{FAE04EC0-301F-11D3-BF4B-00C04F79EFBC}") = "CommandCenter", "CommandCenter\CommandCenter.csproj", "{DB6A8664-A4C4-4426-8D1B-243D5FDDCF96}"
EndProject
Global
	GlobalSection(SolutionConfigurationPlatforms) = preSolution
		Debug|Any CPU = Debug|Any CPU
		Debug|x64 = Debug|x64
		Debug|x86 = Debug|x86
		Release|Any CPU = Release|Any CPU
		Release|x64 = Release|x64
		Release|x86 = Release|x86
	EndGlobalSection
	GlobalSection(SolutionProperties) = preSolution
		HideSolutionNode = FALSE
	EndGlobalSection
	GlobalSection(ProjectConfigurationPlatforms) = postSolution
		{D96CE780-EB49-497C-B13A-B9DDBBF3B15C}.Debug|Any CPU.ActiveCfg = Debug|Any CPU
		{D96CE780-EB49-497C-B13A-B9DDBBF3B15C}.Debug|Any CPU.Build.0 = Debug|Any CPU
		{D96CE780-EB49-497C-B13A-B9DDBBF3B15C}.Debug|x64.ActiveCfg = Debug|Any CPU
		{D96CE780-EB49-497C-B13A-B9DDBBF3B15C}.Debug|x64.Build.0 = Debug|Any CPU
		{D96CE780-EB49-497C-B13A-B9DDBBF3B15C}.Debug|x86.ActiveCfg = Debug|Any CPU
		{D96CE780-EB49-497C-B13A-B9DDBBF3B15C}.Debug|x86.Build.0 = Debug|Any CPU
		{D96CE780-EB49-497C-B13A-B9DDBBF3B15C}.Release|Any CPU.ActiveCfg = Release|Any CPU
		{D96CE780-EB49-497C-B13A-B9DDBBF3B15C}.Release|Any CPU.Build.0 = Release|Any CPU
		{D96CE780-EB49-497C-B13A-B9DDBBF3B15C}.Release|x64.ActiveCfg = Release|Any CPU
		{D96CE780-EB49-497C-B13A-B9DDBBF3B15C}.Release|x64.Build.0 = Release|Any CPU
		{D96CE780-EB49-497C-B13A-B9DDBBF3B15C}.Release|x86.ActiveCfg = Release|Any CPU
		{D96CE780-EB49-497C-B13A-B9DDBBF3B15C}.Release|x86.Build.0 = Release|Any CPU
		{14EB1008-78EA-4876-8E2B-1C184218E023}.Debug|Any CPU.ActiveCfg = Debug|Any CPU
		{14EB1008-78EA-4876-8E2B-1C184218E023}.Debug|Any CPU.Build.0 = Debug|Any CPU
		{14EB1008-78EA-4876-8E2B-1C184218E023}.Debug|x64.ActiveCfg = Debug|Any CPU
		{14EB1008-78EA-4876-8E2B-1C184218E023}.Debug|x64.Build.0 = Debug|Any CPU
		{14EB1008-78EA-4876-8E2B-1C184218E023}.Debug|x86.ActiveCfg = Debug|Any CPU
		{14EB1008-78EA-4876-8E2B-1C184218E023}.Debug|x86.Build.0 = Debug|Any CPU
		{14EB1008-78EA-4876-8E2B-1C184218E023}.Release|Any CPU.ActiveCfg = Release|Any CPU
		{14EB1008-78EA-4876-8E2B-1C184218E023}.Release|Any CPU.Build.0 = Release|Any CPU
		{14EB1008-78EA-4876-8E2B-1C184218E023}.Release|x64.ActiveCfg = Release|Any CPU
		{14EB1008-78EA-4876-8E2B-1C184218E023}.Release|x64.Build.0 = Release|Any CPU
		{14EB1008-78EA-4876-8E2B-1C184218E023}.Release|x86.ActiveCfg = Release|Any CPU
		{14EB1008-78EA-4876-8E2B-1C184218E023}.Release|x86.Build.0 = Release|Any CPU
		{08B30C16-8D61-425D-B93C-95967C27890E}.Debug|Any CPU.ActiveCfg = Debug|Any CPU
		{08B30C16-8D61-425D-B93C-95967C27890E}.Debug|Any CPU.Build.0 = Debug|Any CPU
		{08B30C16-8D61-425D-B93C-95967C27890E}.Debug|x64.ActiveCfg = Debug|Any CPU
		{08B30C16-8D61-425D-B93C-95967C27890E}.Debug|x64.Build.0 = Debug|Any CPU
		{08B30C16-8D61-425D-B93C-95967C27890E}.Debug|x86.ActiveCfg = Debug|Any CPU
		{08B30C16-8D61-425D-B93C-95967C27890E}.Debug|x86.Build.0 = Debug|Any CPU
		{08B30C16-8D61-425D-B93C-95967C27890E}.Release|Any CPU.ActiveCfg = Release|Any CPU
		{08B30C16-8D61-425D-B93C-95967C27890E}.Release|Any CPU.Build.0 = Release|Any CPU
		{08B30C16-8D61-425D-B93C-95967C27890E}.Release|x64.ActiveCfg = Release|Any CPU
		{08B30C16-8D61-425D-B93C-95967C27890E}.Release|x64.Build.0 = Release|Any CPU
		{08B30C16-8D61-425D-B93C-95967C27890E}.Release|x86.ActiveCfg = Release|Any CPU
		{08B30C16-8D61-425D-B93C-95967C27890E}.Release|x86.Build.0 = Release|Any CPU
		{DB6A8664-A4C4-4426-8D1B-243D5FDDCF96}.Debug|Any CPU.ActiveCfg = Debug|Any CPU
		{DB6A8664-A4C4-4426-8D1B-243D5FDDCF96}.Debug|Any CPU.Build.0 = Debug|Any CPU
		{DB6A8664-A4C4-4426-8D1B-243D5FDDCF96}.Debug|x64.ActiveCfg = Debug|Any CPU
		{DB6A8664-A4C4-4426-8D1B-243D5FDDCF96}.Debug|x64.Build.0 = Debug|Any CPU
		{DB6A8664-A4C4-4426-8D1B-243D5FDDCF96}.Debug|x86.ActiveCfg = Debug|Any CPU
		{DB6A8664-A4C4-4426-8D1B-243D5FDDCF96}.Debug|x86.Build.0 = Debug|Any CPU
		{DB6A8664-A4C4-4426-8D1B-243D5FDDCF96}.Release|Any CPU.ActiveCfg = Release|Any CPU
		{DB6A8664-A4C4-4426-8D1B-243D5FDDCF96}.Release|Any CPU.Build.0 = Release|Any CPU
		{DB6A8664-A4C4-4426-8D1B-243D5FDDCF96}.Release|x64.ActiveCfg = Release|Any CPU
		{DB6A8664-A4C4-4426-8D1B-243D5FDDCF96}.Release|x64.Build.0 = Release|Any CPU
		{DB6A8664-A4C4-4426-8D1B-243D5FDDCF96}.Release|x86.ActiveCfg = Release|Any CPU
		{DB6A8664-A4C4-4426-8D1B-243D5FDDCF96}.Release|x86.Build.0 = Release|Any CPU
	EndGlobalSection
EndGlobal
